
Microsoft Visual Studio Solution File, Format Version 12.00
# Visual Studio Version 17
VisualStudioVersion = 17.10.35027.167
MinimumVisualStudioVersion = 10.0.40219.1
Project("{FAE04EC0-301F-11D3-BF4B-00C04F79EFBC}") = "TrendMarket.EntityLayer", "TrendMarket.EntityLayer\TrendMarket.EntityLayer.csproj", "{765CF5F3-C66C-4F33-BA39-D71984FB0832}"
EndProject
Project("{FAE04EC0-301F-11D3-BF4B-00C04F79EFBC}") = "TrendMarket.DataAccessLayer", "TrendMarket.DataAccessLayer\TrendMarket.DataAccessLayer.csproj", "{225CA5ED-6270-4236-A102-12BB5C97001A}"
EndProject
Project("{FAE04EC0-301F-11D3-BF4B-00C04F79EFBC}") = "TrendMarket.BusinessLayer", "TrendMarket.BusinessLayer\TrendMarket.BusinessLayer.csproj", "{33F23AE9-6499-4C9C-959A-0463CAD02653}"
EndProject
Project("{FAE04EC0-301F-11D3-BF4B-00C04F79EFBC}") = "TrendMarket.PresentationLayer", "TrendMarket.PresentationLayer\TrendMarket.PresentationLayer.csproj", "{72C41A9F-6A56-4149-B2D9-ACE738F4A6FA}"
EndProject
Global
	GlobalSection(SolutionConfigurationPlatforms) = preSolution
		Debug|Any CPU = Debug|Any CPU
		Release|Any CPU = Release|Any CPU
	EndGlobalSection
	GlobalSection(ProjectConfigurationPlatforms) = postSolution
		{765CF5F3-C66C-4F33-BA39-D71984FB0832}.Debug|Any CPU.ActiveCfg = Debug|Any CPU
		{765CF5F3-C66C-4F33-BA39-D71984FB0832}.Debug|Any CPU.Build.0 = Debug|Any CPU
		{765CF5F3-C66C-4F33-BA39-D71984FB0832}.Release|Any CPU.ActiveCfg = Release|Any CPU
		{765CF5F3-C66C-4F33-BA39-D71984FB0832}.Release|Any CPU.Build.0 = Release|Any CPU
		{225CA5ED-6270-4236-A102-12BB5C97001A}.Debug|Any CPU.ActiveCfg = Debug|Any CPU
		{225CA5ED-6270-4236-A102-12BB5C97001A}.Debug|Any CPU.Build.0 = Debug|Any CPU
		{225CA5ED-6270-4236-A102-12BB5C97001A}.Release|Any CPU.ActiveCfg = Release|Any CPU
		{225CA5ED-6270-4236-A102-12BB5C97001A}.Release|Any CPU.Build.0 = Release|Any CPU
		{33F23AE9-6499-4C9C-959A-0463CAD02653}.Debug|Any CPU.ActiveCfg = Debug|Any CPU
		{33F23AE9-6499-4C9C-959A-0463CAD02653}.Debug|Any CPU.Build.0 = Debug|Any CPU
		{33F23AE9-6499-4C9C-959A-0463CAD02653}.Release|Any CPU.ActiveCfg = Release|Any CPU
		{33F23AE9-6499-4C9C-959A-0463CAD02653}.Release|Any CPU.Build.0 = Release|Any CPU
		{72C41A9F-6A56-4149-B2D9-ACE738F4A6FA}.Debug|Any CPU.ActiveCfg = Debug|Any CPU
		{72C41A9F-6A56-4149-B2D9-ACE738F4A6FA}.Debug|Any CPU.Build.0 = Debug|Any CPU
		{72C41A9F-6A56-4149-B2D9-ACE738F4A6FA}.Release|Any CPU.ActiveCfg = Release|Any CPU
		{72C41A9F-6A56-4149-B2D9-ACE738F4A6FA}.Release|Any CPU.Build.0 = Release|Any CPU
	EndGlobalSection
	GlobalSection(SolutionProperties) = preSolution
		HideSolutionNode = FALSE
	EndGlobalSection
	GlobalSection(ExtensibilityGlobals) = postSolution
		SolutionGuid = {E890963F-2D51-4BA9-9A9F-8E0BA8FD5D46}
	EndGlobalSection
EndGlobal
